
Microsoft Visual Studio Solution File, Format Version 12.00
# Visual Studio Version 17
VisualStudioVersion = 17.3.32929.385
MinimumVisualStudioVersion = 10.0.40219.1
Project("{FAE04EC0-301F-11D3-BF4B-00C04F79EFBC}") = "Inventory Project", "Inventory Project.csproj", "{B0802904-CD81-4703-8995-562D81D11BEB}"
EndProject
Global
	GlobalSection(SolutionConfigurationPlatforms) = preSolution
		Debug|Any CPU = Debug|Any CPU
		Release|Any CPU = Release|Any CPU
	EndGlobalSection
	GlobalSection(ProjectConfigurationPlatforms) = postSolution
		{B0802904-CD81-4703-8995-562D81D11BEB}.Debug|Any CPU.ActiveCfg = Debug|Any CPU
		{B0802904-CD81-4703-8995-562D81D11BEB}.Debug|Any CPU.Build.0 = Debug|Any CPU
		{B0802904-CD81-4703-8995-562D81D11BEB}.Release|Any CPU.ActiveCfg = Release|Any CPU
		{B0802904-CD81-4703-8995-562D81D11BEB}.Release|Any CPU.Build.0 = Release|Any CPU
	EndGlobalSection
	GlobalSection(SolutionProperties) = preSolution
		HideSolutionNode = FALSE
	EndGlobalSection
	GlobalSection(ExtensibilityGlobals) = postSolution
		SolutionGuid = {D0BDC4C1-E899-4DAC-B2DB-8470D8B1B6D2}
	EndGlobalSection
EndGlobal
